Microsoft Visual Studio Solution File, Format Version 12.00
# Visual Studio Version 17
VisualStudioVersion = 17.5.2.0
MinimumVisualStudioVersion = 10.0.40219.1
Project("{FAE04EC0-301F-11D3-BF4B-00C04F79EFBC}") = "CleanEventsCRM", "CleanEventsCRM.csproj", "{39AC0501-ED07-15FE-F46D-E487C4C5E8D7}"
EndProject
Global
	GlobalSection(SolutionConfigurationPlatforms) = preSolution
		Debug|Any CPU = Debug|Any CPU
		Release|Any CPU = Release|Any CPU
	EndGlobalSection
	GlobalSection(ProjectConfigurationPlatforms) = postSolution
		{39AC0501-ED07-15FE-F46D-E487C4C5E8D7}.Debug|Any CPU.ActiveCfg = Debug|Any CPU
		{39AC0501-ED07-15FE-F46D-E487C4C5E8D7}.Debug|Any CPU.Build.0 = Debug|Any CPU
		{39AC0501-ED07-15FE-F46D-E487C4C5E8D7}.Release|Any CPU.ActiveCfg = Release|Any CPU
		{39AC0501-ED07-15FE-F46D-E487C4C5E8D7}.Release|Any CPU.Build.0 = Release|Any CPU
	EndGlobalSection
	GlobalSection(SolutionProperties) = preSolution
		HideSolutionNode = FALSE
	EndGlobalSection
	GlobalSection(ExtensibilityGlobals) = postSolution
		SolutionGuid = {DD19E71F-5A63-4408-847D-85AF6A30E917}
	EndGlobalSection
EndGlobal
